
Microsoft Visual Studio Solution File, Format Version 12.00
# Visual Studio Version 16
VisualStudioVersion = 16.0.29609.76
MinimumVisualStudioVersion = 10.0.40219.1
Project("{FAE04EC0-301F-11D3-BF4B-00C04F79EFBC}") = "privacyIDEAADFSProvider", "privacyIDEAADFSProvider\privacyIDEAADFSProvider.csproj", "{3A9A54D7-F23B-469C-BA61-8C69CBAF50F5}"
EndProject
Global
	GlobalSection(SolutionConfigurationPlatforms) = preSolution
		Debug|Any CPU = Debug|Any CPU
		Release|Any CPU = Release|Any CPU
	EndGlobalSection
	GlobalSection(ProjectConfigurationPlatforms) = postSolution
		{3A9A54D7-F23B-469C-BA61-8C69CBAF50F5}.Debug|Any CPU.ActiveCfg = Debug|Any CPU
		{3A9A54D7-F23B-469C-BA61-8C69CBAF50F5}.Debug|Any CPU.Build.0 = Debug|Any CPU
		{3A9A54D7-F23B-469C-BA61-8C69CBAF50F5}.Release|Any CPU.ActiveCfg = Release|Any CPU
		{3A9A54D7-F23B-469C-BA61-8C69CBAF50F5}.Release|Any CPU.Build.0 = Release|Any CPU
	EndGlobalSection
	GlobalSection(SolutionProperties) = preSolution
		HideSolutionNode = FALSE
	EndGlobalSection
	GlobalSection(ExtensibilityGlobals) = postSolution
		SolutionGuid = {2FE969C8-FC93-421E-9F7A-D5C463DF71BE}
	EndGlobalSection
EndGlobal
